<?xml version="1.0" encoding="utf-8"?>
<Project ToolsVersion="4.0" xmlns="http://schemas.microsoft.com/developer/msbuild/2003">
  <ItemGroup>
    <Filter Include="Core">
      <UniqueIdentifier>{b697040a-d446-4094-9726-1ffeafb8d8b0}</UniqueIdentifier>
    </Filter>
    <Filter Include="Core\GL Classes">
      <UniqueIdentifier>{59c3c2f0-e999-46c6-9397-b3717646fcb9}</UniqueIdentifier>
    </Filter>
    <Filter Include="Core\Engine">
      <UniqueIdentifier>{b9d9fc38-b230-4b33-aff7-571c64357d08}</UniqueIdentifier>
    </Filter>
    <Filter Include="Core\Engine\Application">
      <UniqueIdentifier>{ceb47571-bd68-48e4-a9e6-0ca2c1043201}</UniqueIdentifier>
    </Filter>
    <Filter Include="Core\Engine\Object">
      <UniqueIdentifier>{cf7dbb78-9a6b-44a4-bc2b-2c4f0ca4ef78}</UniqueIdentifier>
    </Filter>
    <Filter Include="Core\Dependencies">
      <UniqueIdentifier>{37c426c9-f879-4b6e-a964-9d5c34bd0487}</UniqueIdentifier>
    </Filter>
    <Filter Include="Core\Dependencies\glad">
      <UniqueIdentifier>{f71fe278-f0e3-4b6b-ac98-80394a9512a8}</UniqueIdentifier>
    </Filter>
    <Filter Include="Core\Engine\Model Loader">
      <UniqueIdentifier>{23b2abe7-6f95-49e9-b0cb-613c90bf0925}</UniqueIdentifier>
    </Filter>
    <Filter Include="Core\Engine\Post Processor">
      <UniqueIdentifier>{1e0c789f-c154-42b2-a010-915818a43068}</UniqueIdentifier>
    </Filter>
    <Filter Include="Core\Engine\Utils">
      <UniqueIdentifier>{4c52b3d6-1b1e-4a24-a2ef-cdf3940e6889}</UniqueIdentifier>
    </Filter>
    <Filter Include="Core\Engine\Transform">
      <UniqueIdentifier>{826a9aa1-b559-4e38-8cfb-cd1dc3c0afa3}</UniqueIdentifier>
    </Filter>
    <Filter Include="Core\Engine\Renderer">
      <UniqueIdentifier>{211d5219-6d5c-49bc-92b6-e2485ce17543}</UniqueIdentifier>
    </Filter>
    <Filter Include="Core\Engine\Entity">
      <UniqueIdentifier>{8ba26edc-9b17-4e6c-9cbf-ea674458a4a9}</UniqueIdentifier>
    </Filter>
    <Filter Include="Core\Shaders">
      <UniqueIdentifier>{77e833be-e455-49ef-8095-5fb9b162f3fe}</UniqueIdentifier>
    </Filter>
    <Filter Include="Core\Dependencies\assimp">
      <UniqueIdentifier>{ba8be500-f463-45be-bb2f-60053b815d77}</UniqueIdentifier>
    </Filter>
    <Filter Include="Core\Engine\Lights">
      <UniqueIdentifier>{8f4bc770-0561-47b0-ad5f-9c14b506fe1f}</UniqueIdentifier>
    </Filter>
    <Filter Include="Core\Dependencies\imgui">
      <UniqueIdentifier>{1cff0c65-fd06-46f0-80d5-b4dc53b68ccb}</UniqueIdentifier>
    </Filter>
    <Filter Include="Core\Engine\Mesh">
      <UniqueIdentifier>{ee378709-9d48-41ec-92be-127a81aa3211}</UniqueIdentifier>
    </Filter>
  </ItemGroup>
  <ItemGroup>
    <ClInclude Include="Dependencies\glad\include\glad\glad.h">
      <Filter>Core\Dependencies\glad</Filter>
    </ClInclude>
    <ClInclude Include="Dependencies\glad\include\KHR\khrplatform.h">
      <Filter>Core\Dependencies\glad</Filter>
    </ClInclude>
    <ClInclude Include="Core\GL_Classes\CubeTextureMap.h">
      <Filter>Core\GL Classes</Filter>
    </ClInclude>
    <ClInclude Include="Core\GL_Classes\Fps.h">
      <Filter>Core\GL Classes</Filter>
    </ClInclude>
    <ClInclude Include="Core\GL_Classes\Framebuffer.h">
      <Filter>Core\GL Classes</Filter>
    </ClInclude>
    <ClInclude Include="Core\GL_Classes\IndexBuffer.h">
      <Filter>Core\GL Classes</Filter>
    </ClInclude>
    <ClInclude Include="Core\GL_Classes\Random.h">
      <Filter>Core\GL Classes</Filter>
    </ClInclude>
    <ClInclude Include="Core\GL_Classes\Shader.h">
      <Filter>Core\GL Classes</Filter>
    </ClInclude>
    <ClInclude Include="Core\GL_Classes\stb_image.h">
      <Filter>Core\GL Classes</Filter>
    </ClInclude>
    <ClInclude Include="Core\GL_Classes\Texture.h">
      <Filter>Core\GL Classes</Filter>
    </ClInclude>
    <ClInclude Include="Core\GL_Classes\VertexArray.h">
      <Filter>Core\GL Classes</Filter>
    </ClInclude>
    <ClInclude Include="Core\GL_Classes\VertexBuffer.h">
      <Filter>Core\GL Classes</Filter>
    </ClInclude>
    <ClInclude Include="Core\Application\Application.h">
      <Filter>Core\Engine\Application</Filter>
    </ClInclude>
    <ClInclude Include="Core\ObjectTypes\Cone.h">
      <Filter>Core\Engine\Object</Filter>
    </ClInclude>
    <ClInclude Include="Core\ObjectTypes\Cube.h">
      <Filter>Core\Engine\Object</Filter>
    </ClInclude>
    <ClInclude Include="Core\ObjectTypes\Sphere.h">
      <Filter>Core\Engine\Object</Filter>
    </ClInclude>
    <ClInclude Include="Core\Camera.h">
      <Filter>Core\Engine</Filter>
    </ClInclude>
    <ClInclude Include="Core\FpsCamera.h">
      <Filter>Core\Engine</Filter>
    </ClInclude>
    <ClInclude Include="Core\OrthographicCamera.h">
      <Filter>Core\Engine</Filter>
    </ClInclude>
    <ClInclude Include="Core\Model Loader\OBJFileLoader.h">
      <Filter>Core\Engine\Model Loader</Filter>
    </ClInclude>
    <ClInclude Include="Core\Post Processor\PostProcessor.h">
      <Filter>Core\Engine\Post Processor</Filter>
    </ClInclude>
    <ClInclude Include="Core\Application\Logger.h">
      <Filter>Core\Engine\Application</Filter>
    </ClInclude>
    <ClInclude Include="Core\Transform\Transform.h">
      <Filter>Core\Engine\Transform</Filter>
    </ClInclude>
    <ClInclude Include="Core\Utils\Vertex.h">
      <Filter>Core\Engine\Utils</Filter>
    </ClInclude>
    <ClInclude Include="Core\Renderer\Renderer.h">
      <Filter>Core\Engine\Renderer</Filter>
    </ClInclude>
    <ClInclude Include="Core\ObjectTypes\Plane.h">
      <Filter>Core\Engine\Object</Filter>
    </ClInclude>
    <ClInclude Include="Core\Utils\Defs.h">
      <Filter>Core\Engine\Utils</Filter>
    </ClInclude>
    <ClInclude Include="Core\Object\Object.h">
      <Filter>Core\Engine\Object</Filter>
    </ClInclude>
    <ClInclude Include="Core\Entity\Entity.h">
      <Filter>Core\Engine\Entity</Filter>
    </ClInclude>
    <ClInclude Include="Core\Renderer\CubeRenderer.h">
      <Filter>Core\Engine\Renderer</Filter>
    </ClInclude>
    <ClInclude Include="Core\GL_Classes\SSBO.h">
      <Filter>Core\GL Classes</Filter>
    </ClInclude>
    <ClInclude Include="Core\Lighting\Light.h">
      <Filter>Core\Engine\Lights</Filter>
    </ClInclude>
    <ClInclude Include="Core\GL_Classes\UBO.h">
      <Filter>Core\GL Classes</Filter>
    </ClInclude>
    <ClInclude Include="Core\Skybox.h">
      <Filter>Core\Engine</Filter>
    </ClInclude>
    <ClInclude Include="Dependencies\imgui\imconfig.h">
      <Filter>Core\Dependencies\imgui</Filter>
    </ClInclude>
    <ClInclude Include="Dependencies\imgui\imgui.h">
      <Filter>Core\Dependencies\imgui</Filter>
    </ClInclude>
    <ClInclude Include="Dependencies\imgui\imgui_impl_glfw.h">
      <Filter>Core\Dependencies\imgui</Filter>
    </ClInclude>
    <ClInclude Include="Dependencies\imgui\imgui_impl_opengl3.h">
      <Filter>Core\Dependencies\imgui</Filter>
    </ClInclude>
    <ClInclude Include="Dependencies\imgui\imgui_internal.h">
      <Filter>Core\Dependencies\imgui</Filter>
    </ClInclude>
    <ClInclude Include="Dependencies\imgui\imstb_rectpack.h">
      <Filter>Core\Dependencies\imgui</Filter>
    </ClInclude>
    <ClInclude Include="Dependencies\imgui\imstb_textedit.h">
      <Filter>Core\Dependencies\imgui</Filter>
    </ClInclude>
    <ClInclude Include="Dependencies\imgui\imstb_truetype.h">
      <Filter>Core\Dependencies\imgui</Filter>
    </ClInclude>
    <ClInclude Include="Core\GL_Classes\CubeDepthMap.h">
      <Filter>Core\GL Classes</Filter>
    </ClInclude>
    <ClInclude Include="Core\GL_Classes\CubeReflectionMap.h">
      <Filter>Core\GL Classes</Filter>
    </ClInclude>
    <ClInclude Include="Core\Utils\Timer.h">
      <Filter>Core\Engine\Utils</Filter>
    </ClInclude>
    <ClInclude Include="Core\Mesh\Mesh.h">
      <Filter>Core\Engine\Mesh</Filter>
    </ClInclude>
    <ClInclude Include="Core\GL_Classes\CubemapArrayTexture.h">
      <Filter>Core\GL Classes</Filter>
    </ClInclude>
    <ClInclude Include="Core\Macros.h">
      <Filter>Core\Engine</Filter>
    </ClInclude>
    <ClInclude Include="Core\GlideEngine.h">
      <Filter>Core\Engine</Filter>
    </ClInclude>
    <ClInclude Include="Core\GeometryRenderBuffer.h">
      <Filter>Core\GL Classes</Filter>
    </ClInclude>
    <ClInclude Include="Core\GL_Classes\DepthBuffer.h">
      <Filter>Core\GL Classes</Filter>
    </ClInclude>
    <ClInclude Include="Core\SSAO.h">
      <Filter>Core\Engine</Filter>
    </ClInclude>
  </ItemGroup>
  <ItemGroup>
    <ClCompile Include="Dependencies\glad\src\glad.c">
      <Filter>Core\Dependencies\glad</Filter>
    </ClCompile>
    <ClCompile Include="main.cpp" />
    <ClCompile Include="Core\GL_Classes\CubeTextureMap.cpp">
      <Filter>Core\GL Classes</Filter>
    </ClCompile>
    <ClCompile Include="Core\GL_Classes\Fps.cpp">
      <Filter>Core\GL Classes</Filter>
    </ClCompile>
    <ClCompile Include="Core\GL_Classes\Framebuffer.cpp">
      <Filter>Core\GL Classes</Filter>
    </ClCompile>
    <ClCompile Include="Core\GL_Classes\IndexBuffer.cpp">
      <Filter>Core\GL Classes</Filter>
    </ClCompile>
    <ClCompile Include="Core\GL_Classes\Random.cpp">
      <Filter>Core\GL Classes</Filter>
    </ClCompile>
    <ClCompile Include="Core\GL_Classes\Shader.cpp">
      <Filter>Core\GL Classes</Filter>
    </ClCompile>
    <ClCompile Include="Core\GL_Classes\stb_image.cpp">
      <Filter>Core\GL Classes</Filter>
    </ClCompile>
    <ClCompile Include="Core\GL_Classes\Texture.cpp">
      <Filter>Core\GL Classes</Filter>
    </ClCompile>
    <ClCompile Include="Core\GL_Classes\VertexArray.cpp">
      <Filter>Core\GL Classes</Filter>
    </ClCompile>
    <ClCompile Include="Core\GL_Classes\VertexBuffer.cpp">
      <Filter>Core\GL Classes</Filter>
    </ClCompile>
    <ClCompile Include="Core\Application\Application.cpp">
      <Filter>Core\Engine\Application</Filter>
    </ClCompile>
    <ClCompile Include="Core\Camera.cpp">
      <Filter>Core\Engine</Filter>
    </ClCompile>
    <ClCompile Include="Core\FpsCamera.cpp">
      <Filter>Core\Engine</Filter>
    </ClCompile>
    <ClCompile Include="Core\OrthographicCamera.cpp">
      <Filter>Core\Engine</Filter>
    </ClCompile>
    <ClCompile Include="Core\Model Loader\OBJFileLoader.cpp">
      <Filter>Core\Engine\Model Loader</Filter>
    </ClCompile>
    <ClCompile Include="Core\Post Processor\PostProcessor.cpp">
      <Filter>Core\Engine\Post Processor</Filter>
    </ClCompile>
    <ClCompile Include="Core\Application\Logger.cpp">
      <Filter>Core\Engine\Application</Filter>
    </ClCompile>
    <ClCompile Include="Core\Transform\Transform.cpp">
      <Filter>Core\Engine\Transform</Filter>
    </ClCompile>
    <ClCompile Include="Core\Renderer\Renderer.cpp">
      <Filter>Core\Engine\Renderer</Filter>
    </ClCompile>
    <ClCompile Include="Core\Object\Object.cpp">
      <Filter>Core\Engine\Object</Filter>
    </ClCompile>
    <ClCompile Include="Core\Entity\Entity.cpp">
      <Filter>Core\Engine\Entity</Filter>
    </ClCompile>
    <ClCompile Include="Core\Renderer\CubeRenderer.cpp">
      <Filter>Core\Engine\Renderer</Filter>
    </ClCompile>
    <ClCompile Include="Core\GL_Classes\SSBO.cpp">
      <Filter>Core\GL Classes</Filter>
    </ClCompile>
    <ClCompile Include="Core\GL_Classes\UBO.cpp">
      <Filter>Core\GL Classes</Filter>
    </ClCompile>
    <ClCompile Include="Core\Skybox.cpp">
      <Filter>Core\Engine</Filter>
    </ClCompile>
    <ClCompile Include="Dependencies\imgui\imgui.cpp">
      <Filter>Core\Dependencies\imgui</Filter>
    </ClCompile>
    <ClCompile Include="Dependencies\imgui\imgui_demo.cpp">
      <Filter>Core\Dependencies\imgui</Filter>
    </ClCompile>
    <ClCompile Include="Dependencies\imgui\imgui_draw.cpp">
      <Filter>Core\Dependencies\imgui</Filter>
    </ClCompile>
    <ClCompile Include="Dependencies\imgui\imgui_impl_glfw.cpp">
      <Filter>Core\Dependencies\imgui</Filter>
    </ClCompile>
    <ClCompile Include="Dependencies\imgui\imgui_impl_opengl3.cpp">
      <Filter>Core\Dependencies\imgui</Filter>
    </ClCompile>
    <ClCompile Include="Dependencies\imgui\imgui_widgets.cpp">
      <Filter>Core\Dependencies\imgui</Filter>
    </ClCompile>
    <ClCompile Include="Core\GL_Classes\CubeDepthMap.cpp">
      <Filter>Core\GL Classes</Filter>
    </ClCompile>
    <ClCompile Include="Core\GL_Classes\CubeReflectionMap.cpp">
      <Filter>Core\GL Classes</Filter>
    </ClCompile>
    <ClCompile Include="Core\Mesh\Mesh.cpp">
      <Filter>Core\Engine\Mesh</Filter>
    </ClCompile>
    <ClCompile Include="Core\GL_Classes\CubemapArrayTexture.cpp">
      <Filter>Core\GL Classes</Filter>
    </ClCompile>
    <ClCompile Include="Core\GeometryRenderBuffer.cpp">
      <Filter>Core\GL Classes</Filter>
    </ClCompile>
    <ClCompile Include="Core\GL_Classes\DepthBuffer.cpp">
      <Filter>Core\GL Classes</Filter>
    </ClCompile>
    <ClCompile Include="Core\SSAO.cpp">
      <Filter>Core\Engine</Filter>
    </ClCompile>
  </ItemGroup>
  <ItemGroup>
    <None Include="Core\Shaders\RendererFrag.glsl">
      <Filter>Core\Shaders</Filter>
    </None>
    <None Include="Core\Shaders\RendererVert.glsl">
      <Filter>Core\Shaders</Filter>
    </None>
    <None Include="Core\Shaders\CubeRendererFrag.glsl">
      <Filter>Core\Shaders</Filter>
    </None>
    <None Include="Core\Shaders\CubeRendererVert.glsl">
      <Filter>Core\Shaders</Filter>
    </None>
    <None Include="Core\Shaders\SkyboxFrag.glsl">
      <Filter>Core\Shaders</Filter>
    </None>
    <None Include="Core\Shaders\SkyboxVertex.glsl">
      <Filter>Core\Shaders</Filter>
    </None>
    <None Include="Core\Shaders\DepthFrag.glsl">
      <Filter>Core\Shaders</Filter>
    </None>
    <None Include="Core\Shaders\DepthVert.glsl">
      <Filter>Core\Shaders</Filter>
    </None>
    <None Include="Core\Shaders\ReflectionFrag.glsl">
      <Filter>Core\Shaders</Filter>
    </None>
    <None Include="Core\Shaders\ReflectionVert.glsl">
      <Filter>Core\Shaders</Filter>
    </None>
    <None Include="Core\Shaders\SSAOFrag.glsl">
      <Filter>Core\Shaders</Filter>
    </None>
    <None Include="Core\Shaders\SSAOVert.glsl">
      <Filter>Core\Shaders</Filter>
    </None>
    <None Include="Core\Shaders\GeometryPassFrag.glsl">
      <Filter>Core\Shaders</Filter>
    </None>
    <None Include="Core\Shaders\GeometryPassVert.glsl">
      <Filter>Core\Shaders</Filter>
    </None>
    <None Include="Core\Shaders\LightingPassFrag.glsl">
      <Filter>Core\Shaders</Filter>
    </None>
    <None Include="Core\Shaders\LightingPassVert.glsl">
      <Filter>Core\Shaders</Filter>
    </None>
    <None Include="Core\Shaders\FramebufferHDRFrag.glsl">
      <Filter>Core\Shaders</Filter>
    </None>
    <None Include="Core\Shaders\FramebufferHDRVert.glsl">
      <Filter>Core\Shaders</Filter>
    </None>
    <None Include="Core\Shaders\DepthCubemapFrag.glsl">
      <Filter>Core\Shaders</Filter>
    </None>
    <None Include="Core\Shaders\DepthCubemapGeometry.glsl">
      <Filter>Core\Shaders</Filter>
    </None>
    <None Include="Core\Shaders\DepthCubemapVert.glsl">
      <Filter>Core\Shaders</Filter>
    </None>
  </ItemGroup>
</Project>